// !$*UTF8*$!
{
	archiveVersion = 1;
	classes = {
	};
	objectVersion = 46;
	objects = {

/* Begin PBXBuildFile section */
		23C99B011EE7D9B50010872F /* main.m in Sources */ = {isa = PBXBuildFile; fileRef = 23C99B001EE7D9B50010872F /* main.m */; };
		23C99B041EE7D9B50010872F /* AppDelegate.m in Sources */ = {isa = PBXBuildFile; fileRef = 23C99B031EE7D9B50010872F /* AppDelegate.m */; };
		23C99B071EE7D9B50010872F /* ViewController.m in Sources */ = {isa = PBXBuildFile; fileRef = 23C99B061EE7D9B50010872F /* ViewController.m */; };
		23C99B0A1EE7D9B50010872F /* Main.storyboard in Resources */ = {isa = PBXBuildFile; fileRef = 23C99B081EE7D9B50010872F /* Main.storyboard */; };
		23C99B0C1EE7D9B50010872F /* Assets.xcassets in Resources */ = {isa = PBXBuildFile; fileRef = 23C99B0B1EE7D9B50010872F /* Assets.xcassets */; };
		23C99B0F1EE7D9B50010872F /* LaunchScreen.storyboard in Resources */ = {isa = PBXBuildFile; fileRef = 23C99B0D1EE7D9B50010872F /* LaunchScreen.storyboard */; };
		23C99B261EE7DA250010872F /* CMBaseViewController.m in Sources */ = {isa = PBXBuildFile; fileRef = 23C99B171EE7DA250010872F /* CMBaseViewController.m */; };
		23C99B281EE7DA250010872F /* CMEmotionsPageFlowLayout.m in Sources */ = {isa = PBXBuildFile; fileRef = 23C99B1B1EE7DA250010872F /* CMEmotionsPageFlowLayout.m */; };
		23C99B291EE7DA250010872F /* CMMainTableController.m in Sources */ = {isa = PBXBuildFile; fileRef = 23C99B1D1EE7DA250010872F /* CMMainTableController.m */; };
		23C99B2A1EE7DA250010872F /* CMPhoto3DFlowLayout.m in Sources */ = {isa = PBXBuildFile; fileRef = 23C99B1F1EE7DA250010872F /* CMPhoto3DFlowLayout.m */; };
		23C99B2B1EE7DA250010872F /* CMSphericityFlowLayout.m in Sources */ = {isa = PBXBuildFile; fileRef = 23C99B211EE7DA250010872F /* CMSphericityFlowLayout.m */; };
		23C99B2C1EE7DA250010872F /* CMWaterFallController.m in Sources */ = {isa = PBXBuildFile; fileRef = 23C99B231EE7DA250010872F /* CMWaterFallController.m */; };
		23C99B2D1EE7DA250010872F /* CMWaterFallLayout.m in Sources */ = {isa = PBXBuildFile; fileRef = 23C99B251EE7DA250010872F /* CMWaterFallLayout.m */; };
		23C99B391EE7E0060010872F /* CMEmotionPagesController.m in Sources */ = {isa = PBXBuildFile; fileRef = 23C99B381EE7E0060010872F /* CMEmotionPagesController.m */; };
/* End PBXBuildFile section */

/* Begin PBXFileReference section */
		23C99AFC1EE7D9B50010872F /* CMCollectionFlowLayouts.app */ = {isa = PBXFileReference; explicitFileType = wrapper.application; includeInIndex = 0; path = CMCollectionFlowLayouts.app; sourceTree = BUILT_PRODUCTS_DIR; };
		23C99B001EE7D9B50010872F /* main.m */ = {isa = PBXFileReference; lastKnownFileType = sourcecode.c.objc; path = main.m; sourceTree = "<group>"; };
		23C99B021EE7D9B50010872F /* AppDelegate.h */ = {isa = PBXFileReference; lastKnownFileType = sourcecode.c.h; path = AppDelegate.h; sourceTree = "<group>"; };
		23C99B031EE7D9B50010872F /* AppDelegate.m */ = {isa = PBXFileReference; lastKnownFileType = sourcecode.c.objc; path = AppDelegate.m; sourceTree = "<group>"; };
		23C99B051EE7D9B50010872F /* ViewController.h */ = {isa = PBXFileReference; lastKnownFileType = sourcecode.c.h; path = ViewController.h; sourceTree = "<group>"; };
		23C99B061EE7D9B50010872F /* ViewController.m */ = {isa = PBXFileReference; lastKnownFileType = sourcecode.c.objc; path = ViewController.m; sourceTree = "<group>"; };
		23C99B091EE7D9B50010872F /* Base */ = {isa = PBXFileReference; lastKnownFileType = file.storyboard; name = Base; path = Base.lproj/Main.storyboard; sourceTree = "<group>"; };
		23C99B0B1EE7D9B50010872F /* Assets.xcassets */ = {isa = PBXFileReference; lastKnownFileType = folder.assetcatalog; path = Assets.xcassets; sourceTree = "<group>"; };
		23C99B0E1EE7D9B50010872F /* Base */ = {isa = PBXFileReference; lastKnownFileType = file.storyboard; name = Base; path = Base.lproj/LaunchScreen.storyboard; sourceTree = "<group>"; };
		23C99B101EE7D9B50010872F /* Info.plist */ = {isa = PBXFileReference; lastKnownFileType = text.plist.xml; path = Info.plist; sourceTree = "<group>"; };
		23C99B161EE7DA250010872F /* CMBaseViewController.h */ = {isa = PBXFileReference; fileEncoding = 4; lastKnownFileType = sourcecode.c.h; path = CMBaseViewController.h; sourceTree = "<group>"; };
		23C99B171EE7DA250010872F /* CMBaseViewController.m */ = {isa = PBXFileReference; fileEncoding = 4; lastKnownFileType = sourcecode.c.objc; path = CMBaseViewController.m; sourceTree = "<group>"; };
		23C99B1A1EE7DA250010872F /* CMEmotionsPageFlowLayout.h */ = {isa = PBXFileReference; fileEncoding = 4; lastKnownFileType = sourcecode.c.h; path = CMEmotionsPageFlowLayout.h; sourceTree = "<group>"; };
		23C99B1B1EE7DA250010872F /* CMEmotionsPageFlowLayout.m */ = {isa = PBXFileReference; fileEncoding = 4; lastKnownFileType = sourcecode.c.objc; path = CMEmotionsPageFlowLayout.m; sourceTree = "<group>"; };
		23C99B1C1EE7DA250010872F /* CMMainTableController.h */ = {isa = PBXFileReference; fileEncoding = 4; lastKnownFileType = sourcecode.c.h; path = CMMainTableController.h; sourceTree = "<group>"; };
		23C99B1D1EE7DA250010872F /* CMMainTableController.m */ = {isa = PBXFileReference; fileEncoding = 4; lastKnownFileType = sourcecode.c.objc; path = CMMainTableController.m; sourceTree = "<group>"; };
		23C99B1E1EE7DA250010872F /* CMPhoto3DFlowLayout.h */ = {isa = PBXFileReference; fileEncoding = 4; lastKnownFileType = sourcecode.c.h; path = CMPhoto3DFlowLayout.h; sourceTree = "<group>"; };
		23C99B1F1EE7DA250010872F /* CMPhoto3DFlowLayout.m */ = {isa = PBXFileReference; fileEncoding = 4; lastKnownFileType = sourcecode.c.objc; path = CMPhoto3DFlowLayout.m; sourceTree = "<group>"; };
		23C99B201EE7DA250010872F /* CMSphericityFlowLayout.h */ = {isa = PBXFileReference; fileEncoding = 4; lastKnownFileType = sourcecode.c.h; path = CMSphericityFlowLayout.h; sourceTree = "<group>"; };
		23C99B211EE7DA250010872F /* CMSphericityFlowLayout.m */ = {isa = PBXFileReference; fileEncoding = 4; lastKnownFileType = sourcecode.c.objc; path = CMSphericityFlowLayout.m; sourceTree = "<group>"; };
		23C99B221EE7DA250010872F /* CMWaterFallController.h */ = {isa = PBXFileReference; fileEncoding = 4; lastKnownFileType = sourcecode.c.h; path = CMWaterFallController.h; sourceTree = "<group>"; };
		23C99B231EE7DA250010872F /* CMWaterFallController.m */ = {isa = PBXFileReference; fileEncoding = 4; lastKnownFileType = sourcecode.c.objc; path = CMWaterFallController.m; sourceTree = "<group>"; };
		23C99B241EE7DA250010872F /* CMWaterFallLayout.h */ = {isa = PBXFileReference; fileEncoding = 4; lastKnownFileType = sourcecode.c.h; path = CMWaterFallLayout.h; sourceTree = "<group>"; };
		23C99B251EE7DA250010872F /* CMWaterFallLayout.m */ = {isa = PBXFileReference; fileEncoding = 4; lastKnownFileType = sourcecode.c.objc; path = CMWaterFallLayout.m; sourceTree = "<group>"; };
		23C99B371EE7E0060010872F /* CMEmotionPagesController.h */ = {isa = PBXFileReference; fileEncoding = 4; lastKnownFileType = sourcecode.c.h; path = CMEmotionPagesController.h; sourceTree = "<group>"; };
		23C99B381EE7E0060010872F /* CMEmotionPagesController.m */ = {isa = PBXFileReference; fileEncoding = 4; lastKnownFileType = sourcecode.c.objc; path = CMEmotionPagesController.m; sourceTree = "<group>"; };
/* End PBXFileReference section */

/* Begin PBXFrameworksBuildPhase section */
		23C99AF91EE7D9B50010872F /* Frameworks */ = {
			isa = PBXFrameworksBuildPhase;
			buildActionMask = 2147483647;
			files = (
			);
			runOnlyForDeploymentPostprocessing = 0;
		};
/* End PBXFrameworksBuildPhase section */

/* Begin PBXGroup section */
		23C99AF31EE7D9B50010872F = {
			isa = PBXGroup;
			children = (
				23C99AFE1EE7D9B50010872F /* CMCollectionFlowLayouts */,
				23C99AFD1EE7D9B50010872F /* Products */,
			);
			sourceTree = "<group>";
		};
		23C99AFD1EE7D9B50010872F /* Products */ = {
			isa = PBXGroup;
			children = (
				23C99AFC1EE7D9B50010872F /* CMCollectionFlowLayouts.app */,
			);
			name = Products;
			sourceTree = "<group>";
		};
		23C99AFE1EE7D9B50010872F /* CMCollectionFlowLayouts */ = {
			isa = PBXGroup;
			children = (
				23C99B1C1EE7DA250010872F /* CMMainTableController.h */,
				23C99B1D1EE7DA250010872F /* CMMainTableController.m */,
				23C99B161EE7DA250010872F /* CMBaseViewController.h */,
				23C99B171EE7DA250010872F /* CMBaseViewController.m */,
				23C99B221EE7DA250010872F /* CMWaterFallController.h */,
				23C99B231EE7DA250010872F /* CMWaterFallController.m */,
				23C99B371EE7E0060010872F /* CMEmotionPagesController.h */,
				23C99B381EE7E0060010872F /* CMEmotionPagesController.m */,
				23C99B241EE7DA250010872F /* CMWaterFallLayout.h */,
				23C99B251EE7DA250010872F /* CMWaterFallLayout.m */,
				23C99B1A1EE7DA250010872F /* CMEmotionsPageFlowLayout.h */,
				23C99B1B1EE7DA250010872F /* CMEmotionsPageFlowLayout.m */,
				23C99B1E1EE7DA250010872F /* CMPhoto3DFlowLayout.h */,
				23C99B1F1EE7DA250010872F /* CMPhoto3DFlowLayout.m */,
				23C99B201EE7DA250010872F /* CMSphericityFlowLayout.h */,
				23C99B211EE7DA250010872F /* CMSphericityFlowLayout.m */,
				23C99B021EE7D9B50010872F /* AppDelegate.h */,
				23C99B031EE7D9B50010872F /* AppDelegate.m */,
				23C99B051EE7D9B50010872F /* ViewController.h */,
				23C99B061EE7D9B50010872F /* ViewController.m */,
				23C99B081EE7D9B50010872F /* Main.storyboard */,
				23C99B0B1EE7D9B50010872F /* Assets.xcassets */,
				23C99B0D1EE7D9B50010872F /* LaunchScreen.storyboard */,
				23C99B101EE7D9B50010872F /* Info.plist */,
				23C99AFF1EE7D9B50010872F /* Supporting Files */,
			);
			path = CMCollectionFlowLayouts;
			sourceTree = "<group>";
		};
		23C99AFF1EE7D9B50010872F /* Supporting Files */ = {
			isa = PBXGroup;
			children = (
				23C99B001EE7D9B50010872F /* main.m */,
			);
			name = "Supporting Files";
			sourceTree = "<group>";
		};
/* End PBXGroup section */

/* Begin PBXNativeTarget section */
		23C99AFB1EE7D9B50010872F /* CMCollectionFlowLayouts */ = {
			isa = PBXNativeTarget;
			buildConfigurationList = 23C99B131EE7D9B50010872F /* Build configuration list for PBXNativeTarget "CMCollectionFlowLayouts" */;
			buildPhases = (
				23C99AF81EE7D9B50010872F /* Sources */,
				23C99AF91EE7D9B50010872F /* Frameworks */,
				23C99AFA1EE7D9B50010872F /* Resources */,
			);
			buildRules = (
			);
			dependencies = (
			);
			name = CMCollectionFlowLayouts;
			productName = CMCollectionFlowLayouts;
			productReference = 23C99AFC1EE7D9B50010872F /* CMCollectionFlowLayouts.app */;
			productType = "com.apple.product-type.application";
		};
/* End PBXNativeTarget section */

/* Begin PBXProject section */
		23C99AF41EE7D9B50010872F /* Project object */ = {
			isa = PBXProject;
			attributes = {
				CLASSPREFIX = CM;
				LastUpgradeCheck = 0830;
				ORGANIZATIONNAME = CrabMan;
				TargetAttributes = {
					23C99AFB1EE7D9B50010872F = {
						CreatedOnToolsVersion = 8.3.3;
						ProvisioningStyle = Automatic;
					};
				};
			};
			buildConfigurationList = 23C99AF71EE7D9B50010872F /* Build configuration list for PBXProject "CMCollectionFlowLayouts" */;
			compatibilityVersion = "Xcode 3.2";
			developmentRegion = English;
			hasScannedForEncodings = 0;
			knownRegions = (
				en,
				Base,
			);
			mainGroup = 23C99AF31EE7D9B50010872F;
			productRefGroup = 23C99AFD1EE7D9B50010872F /* Products */;
			projectDirPath = "";
			projectRoot = "";
			targets = (
				23C99AFB1EE7D9B50010872F /* CMCollectionFlowLayouts */,
			);
		};
/* End PBXProject section */

/* Begin PBXResourcesBuildPhase section */
		23C99AFA1EE7D9B50010872F /* Resources */ = {
			isa = PBXResourcesBuildPhase;
			buildActionMask = 2147483647;
			files = (
				23C99B0F1EE7D9B50010872F /* LaunchScreen.storyboard in Resources */,
				23C99B0C1EE7D9B50010872F /* Assets.xcassets in Resources */,
				23C99B0A1EE7D9B50010872F /* Main.storyboard in Resources */,
			);
			runOnlyForDeploymentPostprocessing = 0;
		};
/* End PBXResourcesBuildPhase section */

/* Begin PBXSourcesBuildPhase section */
		23C99AF81EE7D9B50010872F /* Sources */ = {
			isa = PBXSourcesBuildPhase;
			buildActionMask = 2147483647;
			files = (
				23C99B291EE7DA250010872F /* CMMainTableController.m in Sources */,
				23C99B071EE7D9B50010872F /* ViewController.m in Sources */,
				23C99B041EE7D9B50010872F /* AppDelegate.m in Sources */,
				23C99B391EE7E0060010872F /* CMEmotionPagesController.m in Sources */,
				23C99B011EE7D9B50010872F /* main.m in Sources */,
				23C99B281EE7DA250010872F /* CMEmotionsPageFlowLayout.m in Sources */,
				23C99B2D1EE7DA250010872F /* CMWaterFallLayout.m in Sources */,
				23C99B261EE7DA250010872F /* CMBaseViewController.m in Sources */,
				23C99B2A1EE7DA250010872F /* CMPhoto3DFlowLayout.m in Sources */,
				23C99B2C1EE7DA250010872F /* CMWaterFallController.m in Sources */,
				23C99B2B1EE7DA250010872F /* CMSphericityFlowLayout.m in Sources */,
			);
			runOnlyForDeploymentPostprocessing = 0;
		};
/* End PBXSourcesBuildPhase section */

/* Begin PBXVariantGroup section */
		23C99B081EE7D9B50010872F /* Main.storyboard */ = {
			isa = PBXVariantGroup;
			children = (
				23C99B091EE7D9B50010872F /* Base */,
			);
			name = Main.storyboard;
			sourceTree = "<group>";
		};
		23C99B0D1EE7D9B50010872F /* LaunchScreen.storyboard */ = {
			isa = PBXVariantGroup;
			children = (
				23C99B0E1EE7D9B50010872F /* Base */,
			);
			name = LaunchScreen.storyboard;
			sourceTree = "<group>";
		};
/* End PBXVariantGroup section */

/* Begin XCBuildConfiguration section */
		23C99B111EE7D9B50010872F /* Debug */ = {
			isa = XCBuildConfiguration;
			buildSettings = {
				ALWAYS_SEARCH_USER_PATHS = NO;
				CLANG_ANALYZER_NONNULL = YES;
				CLANG_ANALYZER_NUMBER_OBJECT_CONVERSION = YES_AGGRESSIVE;
				CLANG_CXX_LANGUAGE_STANDARD = "gnu++0x";
				CLANG_CXX_LIBRARY = "libc++";
				CLANG_ENABLE_MODULES = YES;
				CLANG_ENABLE_OBJC_ARC = YES;
				CLANG_WARN_BOOL_CONVERSION = YES;
				CLANG_WARN_CONSTANT_CONVERSION = YES;
				CLANG_WARN_DIRECT_OBJC_ISA_USAGE = YES_ERROR;
				CLANG_WARN_DOCUMENTATION_COMMENTS = YES;
				CLANG_WARN_EMPTY_BODY = YES;
				CLANG_WARN_ENUM_CONVERSION = YES;
				CLANG_WARN_INFINITE_RECURSION = YES;
				CLANG_WARN_INT_CONVERSION = YES;
				CLANG_WARN_OBJC_ROOT_CLASS = YES_ERROR;
				CLANG_WARN_SUSPICIOUS_MOVE = YES;
				CLANG_WARN_UNREACHABLE_CODE = YES;
				CLANG_WARN__DUPLICATE_METHOD_MATCH = YES;
				"CODE_SIGN_IDENTITY[sdk=iphoneos*]" = "iPhone Developer";
				COPY_PHASE_STRIP = NO;
				DEBUG_INFORMATION_FORMAT = dwarf;
				ENABLE_STRICT_OBJC_MSGSEND = YES;
				ENABLE_TESTABILITY = YES;
				GCC_C_LANGUAGE_STANDARD = gnu99;
				GCC_DYNAMIC_NO_PIC = NO;
				GCC_NO_COMMON_BLOCKS = YES;
				GCC_OPTIMIZATION_LEVEL = 0;
				GCC_PREPROCESSOR_DEFINITIONS = (
					"DEBUG=1",
					"$(inherited)",
				);
				GCC_WARN_64_TO_32_BIT_CONVERSION = YES;
				GCC_WARN_ABOUT_RETURN_TYPE = YES_ERROR;
				GCC_WARN_UNDECLARED_SELECTOR = YES;
				GCC_WARN_UNINITIALIZED_AUTOS = YES_AGGRESSIVE;
				GCC_WARN_UNUSED_FUNCTION = YES;
				GCC_WARN_UNUSED_VARIABLE = YES;
				IPHONEOS_DEPLOYMENT_TARGET = 10.3;
				MTL_ENABLE_DEBUG_INFO = YES;
				ONLY_ACTIVE_ARCH = YES;
				SDKROOT = iphoneos;
			};
			name = Debug;
		};
		23C99B121EE7D9B50010872F /* Release */ = {
			isa = XCBuildConfiguration;
			buildSettings = {
				ALWAYS_SEARCH_USER_PATHS = NO;
				CLANG_ANALYZER_NONNULL = YES;
				CLANG_ANALYZER_NUMBER_OBJECT_CONVERSION = YES_AGGRESSIVE;
				CLANG_CXX_LANGUAGE_STANDARD = "gnu++0x";
				CLANG_CXX_LIBRARY = "libc++";
				CLANG_ENABLE_MODULES = YES;
				CLANG_ENABLE_OBJC_ARC = YES;
				CLANG_WARN_BOOL_CONVERSION = YES;
				CLANG_WARN_CONSTANT_CONVERSION = YES;
				CLANG_WARN_DIRECT_OBJC_ISA_USAGE = YES_ERROR;
				CLANG_WARN_DOCUMENTATION_COMMENTS = YES;
				CLANG_WARN_EMPTY_BODY = YES;
				CLANG_WARN_ENUM_CONVERSION = YES;
				CLANG_WARN_INFINITE_RECURSION = YES;
				CLANG_WARN_INT_CONVERSION = YES;
				CLANG_WARN_OBJC_ROOT_CLASS = YES_ERROR;
				CLANG_WARN_SUSPICIOUS_MOVE = YES;
				CLANG_WARN_UNREACHABLE_CODE = YES;
				CLANG_WARN__DUPLICATE_METHOD_MATCH = YES;
				"CODE_SIGN_IDENTITY[sdk=iphoneos*]" = "iPhone Developer";
				COPY_PHASE_STRIP = NO;
				DEBUG_INFORMATION_FORMAT = "dwarf-with-dsym";
				ENABLE_NS_ASSERTIONS = NO;
				ENABLE_STRICT_OBJC_MSGSEND = YES;
				GCC_C_LANGUAGE_STANDARD = gnu99;
				GCC_NO_COMMON_BLOCKS = YES;
				GCC_WARN_64_TO_32_BIT_CONVERSION = YES;
				GCC_WARN_ABOUT_RETURN_TYPE = YES_ERROR;
				GCC_WARN_UNDECLARED_SELECTOR = YES;
				GCC_WARN_UNINITIALIZED_AUTOS = YES_AGGRESSIVE;
				GCC_WARN_UNUSED_FUNCTION = YES;
				GCC_WARN_UNUSED_VARIABLE = YES;
				IPHONEOS_DEPLOYMENT_TARGET = 10.3;
				MTL_ENABLE_DEBUG_INFO = NO;
				SDKROOT = iphoneos;
				VALIDATE_PRODUCT = YES;
			};
			name = Release;
		};
		23C99B141EE7D9B50010872F /* Debug */ = {
			isa = XCBuildConfiguration;
			buildSettings = {
				ASSETCATALOG_COMPILER_APPICON_NAME = AppIcon;
				INFOPLIST_FILE = CMCollectionFlowLayouts/Info.plist;
				LD_RUNPATH_SEARCH_PATHS = "$(inherited) @executable_path/Frameworks";
				PRODUCT_BUNDLE_IDENTIFIER = CrabMan.CMCollectionFlowLayouts;
				PRODUCT_NAME = "$(TARGET_NAME)";
			};
			name = Debug;
		};
		23C99B151EE7D9B50010872F /* Release */ = {
			isa = XCBuildConfiguration;
			buildSettings = {
				ASSETCATALOG_COMPILER_APPICON_NAME = AppIcon;
				INFOPLIST_FILE = CMCollectionFlowLayouts/Info.plist;
				LD_RUNPATH_SEARCH_PATHS = "$(inherited) @executable_path/Frameworks";
				PRODUCT_BUNDLE_IDENTIFIER = CrabMan.CMCollectionFlowLayouts;
				PRODUCT_NAME = "$(TARGET_NAME)";
			};
			name = Release;
		};
/* End XCBuildConfiguration section */

/* Begin XCConfigurationList section */
		23C99AF71EE7D9B50010872F /* Build configuration list for PBXProject "CMCollectionFlowLayouts" */ = {
			isa = XCConfigurationList;
			buildConfigurations = (
				23C99B111EE7D9B50010872F /* Debug */,
				23C99B121EE7D9B50010872F /* Release */,
			);
			defaultConfigurationIsVisible = 0;
			defaultConfigurationName = Release;
		};
		23C99B131EE7D9B50010872F /* Build configuration list for PBXNativeTarget "CMCollectionFlowLayouts" */ = {
			isa = XCConfigurationList;
			buildConfigurations = (
				23C99B141EE7D9B50010872F /* Debug */,
				23C99B151EE7D9B50010872F /* Release */,
			);
			defaultConfigurationIsVisible = 0;
		};
/* End XCConfigurationList section */
	};
	rootObject = 23C99AF41EE7D9B50010872F /* Project object */;
}
